
Microsoft Visual Studio Solution File, Format Version 12.00
# Visual Studio Version 17
VisualStudioVersion = 17.5.33502.453
MinimumVisualStudioVersion = 10.0.40219.1
Project("{9A19103F-16F7-4668-BE54-9A1E7A4F7556}") = "Hospital", "Hospital\Hospital.csproj", "{028F3B63-6CC9-4748-9EC4-CEEF5171BDBF}"
EndProject
Project("{9A19103F-16F7-4668-BE54-9A1E7A4F7556}") = "HospitalTests", "HospitalTests\HospitalTests.csproj", "{EEE4F414-25A7-4D96-A6AF-30E4064C057B}"
EndProject
Project("{FAE04EC0-301F-11D3-BF4B-00C04F79EFBC}") = "HospitalCLI", "HospitalCLI\HospitalCLI.csproj", "{AAAF50BE-4BB8-45CF-B9F4-417B6ACF7673}"
EndProject
Global
	GlobalSection(SolutionConfigurationPlatforms) = preSolution
		Debug|Any CPU = Debug|Any CPU
		Release|Any CPU = Release|Any CPU
	EndGlobalSection
	GlobalSection(ProjectConfigurationPlatforms) = postSolution
		{028F3B63-6CC9-4748-9EC4-CEEF5171BDBF}.Debug|Any CPU.ActiveCfg = Debug|Any CPU
		{028F3B63-6CC9-4748-9EC4-CEEF5171BDBF}.Debug|Any CPU.Build.0 = Debug|Any CPU
		{028F3B63-6CC9-4748-9EC4-CEEF5171BDBF}.Release|Any CPU.ActiveCfg = Release|Any CPU
		{028F3B63-6CC9-4748-9EC4-CEEF5171BDBF}.Release|Any CPU.Build.0 = Release|Any CPU
		{EEE4F414-25A7-4D96-A6AF-30E4064C057B}.Debug|Any CPU.ActiveCfg = Debug|Any CPU
		{EEE4F414-25A7-4D96-A6AF-30E4064C057B}.Debug|Any CPU.Build.0 = Debug|Any CPU
		{EEE4F414-25A7-4D96-A6AF-30E4064C057B}.Release|Any CPU.ActiveCfg = Release|Any CPU
		{EEE4F414-25A7-4D96-A6AF-30E4064C057B}.Release|Any CPU.Build.0 = Release|Any CPU
		{AAAF50BE-4BB8-45CF-B9F4-417B6ACF7673}.Debug|Any CPU.ActiveCfg = Debug|Any CPU
		{AAAF50BE-4BB8-45CF-B9F4-417B6ACF7673}.Debug|Any CPU.Build.0 = Debug|Any CPU
		{AAAF50BE-4BB8-45CF-B9F4-417B6ACF7673}.Release|Any CPU.ActiveCfg = Release|Any CPU
		{AAAF50BE-4BB8-45CF-B9F4-417B6ACF7673}.Release|Any CPU.Build.0 = Release|Any CPU
	EndGlobalSection
	GlobalSection(SolutionProperties) = preSolution
		HideSolutionNode = FALSE
	EndGlobalSection
	GlobalSection(ExtensibilityGlobals) = postSolution
		SolutionGuid = {2BD92C93-19CB-42B1-8DF7-CACA1D995FE1}
	EndGlobalSection
EndGlobal
